
Microsoft Visual Studio Solution File, Format Version 12.00
# Visual Studio 15
VisualStudioVersion = 15.0.27004.2009
MinimumVisualStudioVersion = 10.0.40219.1
Project("{6EC3EE1D-3C4E-46DD-8F32-0CC8E7565705}") = "SolveTheBreach.Libs", "SolveTheBreach.Libs\SolveTheBreach.Libs.fsproj", "{4A8EDE1B-ACCD-40F1-B205-92BE72B83749}"
EndProject
Project("{6EC3EE1D-3C4E-46DD-8F32-0CC8E7565705}") = "SolveTheBreach", "SolveTheBreach\SolveTheBreach.fsproj", "{8FEA25B5-833A-4154-98FC-CB51E9619BF8}"
EndProject
Project("{F2A71F9B-5D33-465A-A702-920D77279786}") = "SolveTheBreach.Tests", "SolveTheBreach.Tests\SolveTheBreach.Tests.fsproj", "{28A1AD90-0659-4209-A97E-A943437056CD}"
EndProject
Project("{2150E333-8FDC-42A3-9474-1A3956D46DE8}") = "Solution Items", "Solution Items", "{1A2A53F8-A480-42A8-BF28-0D1590FC51DF}"
	ProjectSection(SolutionItems) = preProject
		.editorconfig = .editorconfig
	EndProjectSection
EndProject
Global
	GlobalSection(SolutionConfigurationPlatforms) = preSolution
		Debug|Any CPU = Debug|Any CPU
		Release|Any CPU = Release|Any CPU
	EndGlobalSection
	GlobalSection(ProjectConfigurationPlatforms) = postSolution
		{4A8EDE1B-ACCD-40F1-B205-92BE72B83749}.Debug|Any CPU.ActiveCfg = Debug|Any CPU
		{4A8EDE1B-ACCD-40F1-B205-92BE72B83749}.Debug|Any CPU.Build.0 = Debug|Any CPU
		{4A8EDE1B-ACCD-40F1-B205-92BE72B83749}.Release|Any CPU.ActiveCfg = Release|Any CPU
		{4A8EDE1B-ACCD-40F1-B205-92BE72B83749}.Release|Any CPU.Build.0 = Release|Any CPU
		{8FEA25B5-833A-4154-98FC-CB51E9619BF8}.Debug|Any CPU.ActiveCfg = Debug|Any CPU
		{8FEA25B5-833A-4154-98FC-CB51E9619BF8}.Debug|Any CPU.Build.0 = Debug|Any CPU
		{8FEA25B5-833A-4154-98FC-CB51E9619BF8}.Release|Any CPU.ActiveCfg = Release|Any CPU
		{8FEA25B5-833A-4154-98FC-CB51E9619BF8}.Release|Any CPU.Build.0 = Release|Any CPU
		{28A1AD90-0659-4209-A97E-A943437056CD}.Debug|Any CPU.ActiveCfg = Debug|Any CPU
		{28A1AD90-0659-4209-A97E-A943437056CD}.Debug|Any CPU.Build.0 = Debug|Any CPU
		{28A1AD90-0659-4209-A97E-A943437056CD}.Release|Any CPU.ActiveCfg = Release|Any CPU
		{28A1AD90-0659-4209-A97E-A943437056CD}.Release|Any CPU.Build.0 = Release|Any CPU
	EndGlobalSection
	GlobalSection(SolutionProperties) = preSolution
		HideSolutionNode = FALSE
	EndGlobalSection
	GlobalSection(ExtensibilityGlobals) = postSolution
		SolutionGuid = {46391AC4-E77A-4AEB-B032-E732AC3356B0}
	EndGlobalSection
EndGlobal
